
Microsoft Visual Studio Solution File, Format Version 12.00
# Visual Studio Version 16
VisualStudioVersion = 16.0.30907.101
MinimumVisualStudioVersion = 10.0.40219.1
Project("{FAE04EC0-301F-11D3-BF4B-00C04F79EFBC}") = "CursoMVC", "CursoMVC.csproj", "{0D8C92BC-C7B7-4FEF-8AEA-9859E4DF3641}"
EndProject
Global
	GlobalSection(SolutionConfigurationPlatforms) = preSolution
		Debug|Any CPU = Debug|Any CPU
		Release|Any CPU = Release|Any CPU
	EndGlobalSection
	GlobalSection(ProjectConfigurationPlatforms) = postSolution
		{0D8C92BC-C7B7-4FEF-8AEA-9859E4DF3641}.Debug|Any CPU.ActiveCfg = Debug|Any CPU
		{0D8C92BC-C7B7-4FEF-8AEA-9859E4DF3641}.Debug|Any CPU.Build.0 = Debug|Any CPU
		{0D8C92BC-C7B7-4FEF-8AEA-9859E4DF3641}.Release|Any CPU.ActiveCfg = Release|Any CPU
		{0D8C92BC-C7B7-4FEF-8AEA-9859E4DF3641}.Release|Any CPU.Build.0 = Release|Any CPU
	EndGlobalSection
	GlobalSection(SolutionProperties) = preSolution
		HideSolutionNode = FALSE
	EndGlobalSection
	GlobalSection(ExtensibilityGlobals) = postSolution
		SolutionGuid = {6A1BCB43-903F-4705-A16B-9431D69D25C7}
	EndGlobalSection
EndGlobal
